Microsoft Visual Studio Solution File, Format Version 12.00
# Visual Studio Version 17
VisualStudioVersion = 17.5.2.0
MinimumVisualStudioVersion = 10.0.40219.1
Project("{FAE04EC0-301F-11D3-BF4B-00C04F79EFBC}") = "projekt-mtg", "projekt-mtg.csproj", "{FA00C0BE-A963-6A70-6497-9C1DF1F8129D}"
EndProject
Global
	GlobalSection(SolutionConfigurationPlatforms) = preSolution
		Debug|Any CPU = Debug|Any CPU
		Release|Any CPU = Release|Any CPU
	EndGlobalSection
	GlobalSection(ProjectConfigurationPlatforms) = postSolution
		{FA00C0BE-A963-6A70-6497-9C1DF1F8129D}.Debug|Any CPU.ActiveCfg = Debug|Any CPU
		{FA00C0BE-A963-6A70-6497-9C1DF1F8129D}.Debug|Any CPU.Build.0 = Debug|Any CPU
		{FA00C0BE-A963-6A70-6497-9C1DF1F8129D}.Release|Any CPU.ActiveCfg = Release|Any CPU
		{FA00C0BE-A963-6A70-6497-9C1DF1F8129D}.Release|Any CPU.Build.0 = Release|Any CPU
	EndGlobalSection
	GlobalSection(SolutionProperties) = preSolution
		HideSolutionNode = FALSE
	EndGlobalSection
	GlobalSection(ExtensibilityGlobals) = postSolution
		SolutionGuid = {6EDC1640-2E9F-42D4-BB50-3CC99FE4F8B1}
	EndGlobalSection
EndGlobal
